Microsoft Visual Studio Solution File, Format Version 11.00
# Visual Studio 2008

Project("{83B19BBA-E2A7-3682-B0A0-CE5E377806AF}") = "NewslyApp", "Assembly-CSharp-firstpass.csproj", "{8C49C9EE-45B8-C4AF-74CA-04AE66F52500}"
EndProject
Project("{83B19BBA-E2A7-3682-B0A0-CE5E377806AF}") = "NewslyApp", "Assembly-CSharp.csproj", "{974DD5CF-9F58-FF09-CA35-7D0BD39B8226}"
EndProject
Project("{83B19BBA-E2A7-3682-B0A0-CE5E377806AF}") = "NewslyApp", "Assembly-UnityScript-firstpass.unityproj", "{6B7DA7D7-8DB9-140B-8F29-156DD9959E92}"
EndProject
Project("{83B19BBA-E2A7-3682-B0A0-CE5E377806AF}") = "NewslyApp", "Assembly-UnityScript-Editor.unityproj", "{46D8CC6F-2CF1-2D0C-2E23-529304EDCD72}"
EndProject
Global
	GlobalSection(SolutionConfigurationPlatforms) = preSolution
		Debug|Any CPU = Debug|Any CPU
		Release|Any CPU = Release|Any CPU
	EndGlobalSection
	GlobalSection(ProjectConfigurationPlatforms) = postSolution
		{8C49C9EE-45B8-C4AF-74CA-04AE66F52500}.Debug|Any CPU.ActiveCfg = Debug|Any CPU
		{8C49C9EE-45B8-C4AF-74CA-04AE66F52500}.Debug|Any CPU.Build.0 = Debug|Any CPU
		{8C49C9EE-45B8-C4AF-74CA-04AE66F52500}.Release|Any CPU.ActiveCfg = Release|Any CPU
		{8C49C9EE-45B8-C4AF-74CA-04AE66F52500}.Release|Any CPU.Build.0 = Release|Any CPU
		{974DD5CF-9F58-FF09-CA35-7D0BD39B8226}.Debug|Any CPU.ActiveCfg = Debug|Any CPU
		{974DD5CF-9F58-FF09-CA35-7D0BD39B8226}.Debug|Any CPU.Build.0 = Debug|Any CPU
		{974DD5CF-9F58-FF09-CA35-7D0BD39B8226}.Release|Any CPU.ActiveCfg = Release|Any CPU
		{974DD5CF-9F58-FF09-CA35-7D0BD39B8226}.Release|Any CPU.Build.0 = Release|Any CPU
		{6B7DA7D7-8DB9-140B-8F29-156DD9959E92}.Debug|Any CPU.ActiveCfg = Debug|Any CPU
		{6B7DA7D7-8DB9-140B-8F29-156DD9959E92}.Debug|Any CPU.Build.0 = Debug|Any CPU
		{6B7DA7D7-8DB9-140B-8F29-156DD9959E92}.Release|Any CPU.ActiveCfg = Release|Any CPU
		{6B7DA7D7-8DB9-140B-8F29-156DD9959E92}.Release|Any CPU.Build.0 = Release|Any CPU
		{46D8CC6F-2CF1-2D0C-2E23-529304EDCD72}.Debug|Any CPU.ActiveCfg = Debug|Any CPU
		{46D8CC6F-2CF1-2D0C-2E23-529304EDCD72}.Debug|Any CPU.Build.0 = Debug|Any CPU
		{46D8CC6F-2CF1-2D0C-2E23-529304EDCD72}.Release|Any CPU.ActiveCfg = Release|Any CPU
		{46D8CC6F-2CF1-2D0C-2E23-529304EDCD72}.Release|Any CPU.Build.0 = Release|Any CPU
	EndGlobalSection
	GlobalSection(SolutionProperties) = preSolution
		HideSolutionNode = FALSE
	EndGlobalSection
																											GlobalSection(MonoDevelopProperties) = preSolution
		StartupItem = Assembly-CSharp.csproj
		Policies = $0
		$0.TextStylePolicy = $1
		$1.inheritsSet = null
		$1.scope = text/x-csharp
		$0.CSharpFormattingPolicy = $2
		$2.inheritsSet = Mono
		$2.inheritsScope = text/x-csharp
		$2.scope = text/x-csharp
		$0.TextStylePolicy = $3
		$3.FileWidth = 120
		$3.TabWidth = 4
		$3.EolMarker = Unix
		$3.inheritsSet = Mono
		$3.inheritsScope = text/plain
		$3.scope = text/plain
	EndGlobalSection

EndGlobal
